
Microsoft Visual Studio Solution File, Format Version 12.00
# Visual Studio Version 16
VisualStudioVersion = 16.0.30626.31
MinimumVisualStudioVersion = 10.0.40219.1
Project("{FAE04EC0-301F-11D3-BF4B-00C04F79EFBC}") = "PrometheusDemo", "PrometheusDemo.csproj", "{131FB006-9863-406C-8F0E-7E13B0795C70}"
EndProject
Global
	GlobalSection(SolutionConfigurationPlatforms) = preSolution
		Debug|Any CPU = Debug|Any CPU
		Release|Any CPU = Release|Any CPU
	EndGlobalSection
	GlobalSection(ProjectConfigurationPlatforms) = postSolution
		{131FB006-9863-406C-8F0E-7E13B0795C70}.Debug|Any CPU.ActiveCfg = Debug|Any CPU
		{131FB006-9863-406C-8F0E-7E13B0795C70}.Debug|Any CPU.Build.0 = Debug|Any CPU
		{131FB006-9863-406C-8F0E-7E13B0795C70}.Release|Any CPU.ActiveCfg = Release|Any CPU
		{131FB006-9863-406C-8F0E-7E13B0795C70}.Release|Any CPU.Build.0 = Release|Any CPU
	EndGlobalSection
	GlobalSection(SolutionProperties) = preSolution
		HideSolutionNode = FALSE
	EndGlobalSection
	GlobalSection(ExtensibilityGlobals) = postSolution
		SolutionGuid = {B8239058-FAC2-4A21-8A8A-27F308671E75}
	EndGlobalSection
EndGlobal
